
Microsoft Visual Studio Solution File, Format Version 12.00
# Visual Studio Version 17
VisualStudioVersion = 17.7.34302.85
MinimumVisualStudioVersion = 10.0.40219.1
Project("{FAE04EC0-301F-11D3-BF4B-00C04F79EFBC}") = "JourneyJoy", "JourneyJoy.csproj", "{63441C64-B66E-4965-BC8C-5FA307BA3F36}"
EndProject
Global
	GlobalSection(SolutionConfigurationPlatforms) = preSolution
		Debug|Any CPU = Debug|Any CPU
		Release|Any CPU = Release|Any CPU
	EndGlobalSection
	GlobalSection(ProjectConfigurationPlatforms) = postSolution
		{63441C64-B66E-4965-BC8C-5FA307BA3F36}.Debug|Any CPU.ActiveCfg = Debug|Any CPU
		{63441C64-B66E-4965-BC8C-5FA307BA3F36}.Debug|Any CPU.Build.0 = Debug|Any CPU
		{63441C64-B66E-4965-BC8C-5FA307BA3F36}.Release|Any CPU.ActiveCfg = Release|Any CPU
		{63441C64-B66E-4965-BC8C-5FA307BA3F36}.Release|Any CPU.Build.0 = Release|Any CPU
	EndGlobalSection
	GlobalSection(SolutionProperties) = preSolution
		HideSolutionNode = FALSE
	EndGlobalSection
	GlobalSection(ExtensibilityGlobals) = postSolution
		SolutionGuid = {F53344C7-A324-4B8E-ACB0-39019FA26373}
	EndGlobalSection
EndGlobal
